
Microsoft Visual Studio Solution File, Format Version 12.00
# Visual Studio 15
VisualStudioVersion = 15.0.27130.2036
MinimumVisualStudioVersion = 10.0.40219.1
Project("{FAE04EC0-301F-11D3-BF4B-00C04F79EFBC}") = "Guild.Management.Web", "Guild.Management.Web\Guild.Management.Web.csproj", "{215220EE-AB6E-458C-96CE-F489424DE857}"
EndProject
Project("{FAE04EC0-301F-11D3-BF4B-00C04F79EFBC}") = "Guild.Management.Web.Tests", "Guild.Management.Web.Tests\Guild.Management.Web.Tests.csproj", "{87AAD5AB-B95D-43DA-ADB3-3A2CEAE345C3}"
EndProject
Project("{2150E333-8FDC-42A3-9474-1A3956D46DE8}") = "Domain", "Domain", "{B68B38E4-DA0C-431F-BA21-D63327062D59}"
EndProject
Project("{FAE04EC0-301F-11D3-BF4B-00C04F79EFBC}") = "Guild.Management.Domain", "Guild.Management.Domain\Guild.Management.Domain.csproj", "{F1E733DF-09CF-435E-9C47-EC6DC76AB100}"
EndProject
Project("{2150E333-8FDC-42A3-9474-1A3956D46DE8}") = "Database", "Database", "{2C233325-8B0E-485D-B8DA-D31931C8D89F}"
EndProject
Project("{00D1A9C2-B5F0-4AF3-8072-F6C62B433612}") = "Guild.Management.Database", "Guild.Management.Database\Guild.Management.Database.sqlproj", "{CC09D2E5-CF13-4199-A81C-3D160F4524C5}"
EndProject
Global
	GlobalSection(SolutionConfigurationPlatforms) = preSolution
		Debug|Any CPU = Debug|Any CPU
		Release|Any CPU = Release|Any CPU
	EndGlobalSection
	GlobalSection(ProjectConfigurationPlatforms) = postSolution
		{215220EE-AB6E-458C-96CE-F489424DE857}.Debug|Any CPU.ActiveCfg = Debug|Any CPU
		{215220EE-AB6E-458C-96CE-F489424DE857}.Debug|Any CPU.Build.0 = Debug|Any CPU
		{215220EE-AB6E-458C-96CE-F489424DE857}.Release|Any CPU.ActiveCfg = Release|Any CPU
		{215220EE-AB6E-458C-96CE-F489424DE857}.Release|Any CPU.Build.0 = Release|Any CPU
		{87AAD5AB-B95D-43DA-ADB3-3A2CEAE345C3}.Debug|Any CPU.ActiveCfg = Debug|Any CPU
		{87AAD5AB-B95D-43DA-ADB3-3A2CEAE345C3}.Debug|Any CPU.Build.0 = Debug|Any CPU
		{87AAD5AB-B95D-43DA-ADB3-3A2CEAE345C3}.Release|Any CPU.ActiveCfg = Release|Any CPU
		{87AAD5AB-B95D-43DA-ADB3-3A2CEAE345C3}.Release|Any CPU.Build.0 = Release|Any CPU
		{F1E733DF-09CF-435E-9C47-EC6DC76AB100}.Debug|Any CPU.ActiveCfg = Debug|Any CPU
		{F1E733DF-09CF-435E-9C47-EC6DC76AB100}.Debug|Any CPU.Build.0 = Debug|Any CPU
		{F1E733DF-09CF-435E-9C47-EC6DC76AB100}.Release|Any CPU.ActiveCfg = Release|Any CPU
		{F1E733DF-09CF-435E-9C47-EC6DC76AB100}.Release|Any CPU.Build.0 = Release|Any CPU
		{CC09D2E5-CF13-4199-A81C-3D160F4524C5}.Debug|Any CPU.ActiveCfg = Debug|Any CPU
		{CC09D2E5-CF13-4199-A81C-3D160F4524C5}.Debug|Any CPU.Build.0 = Debug|Any CPU
		{CC09D2E5-CF13-4199-A81C-3D160F4524C5}.Debug|Any CPU.Deploy.0 = Debug|Any CPU
		{CC09D2E5-CF13-4199-A81C-3D160F4524C5}.Release|Any CPU.ActiveCfg = Release|Any CPU
		{CC09D2E5-CF13-4199-A81C-3D160F4524C5}.Release|Any CPU.Build.0 = Release|Any CPU
		{CC09D2E5-CF13-4199-A81C-3D160F4524C5}.Release|Any CPU.Deploy.0 = Release|Any CPU
	EndGlobalSection
	GlobalSection(SolutionProperties) = preSolution
		HideSolutionNode = FALSE
	EndGlobalSection
	GlobalSection(NestedProjects) = preSolution
		{F1E733DF-09CF-435E-9C47-EC6DC76AB100} = {B68B38E4-DA0C-431F-BA21-D63327062D59}
		{CC09D2E5-CF13-4199-A81C-3D160F4524C5} = {2C233325-8B0E-485D-B8DA-D31931C8D89F}
	EndGlobalSection
	GlobalSection(ExtensibilityGlobals) = postSolution
		SolutionGuid = {63301C39-0E5E-45F9-8875-2F4E2949D903}
	EndGlobalSection
EndGlobal
